
Microsoft Visual Studio Solution File, Format Version 12.00
# Visual Studio Version 17
VisualStudioVersion = 17.9.34607.119
MinimumVisualStudioVersion = 10.0.40219.1
Project("{FAE04EC0-301F-11D3-BF4B-00C04F79EFBC}") = "C# avatar maker app 08", "C# avatar maker app 08\C# avatar maker app 08.csproj", "{B41958B7-0C53-494D-8E67-344A69364182}"
EndProject
Global
	GlobalSection(SolutionConfigurationPlatforms) = preSolution
		Debug|Any CPU = Debug|Any CPU
		Release|Any CPU = Release|Any CPU
	EndGlobalSection
	GlobalSection(ProjectConfigurationPlatforms) = postSolution
		{B41958B7-0C53-494D-8E67-344A69364182}.Debug|Any CPU.ActiveCfg = Debug|Any CPU
		{B41958B7-0C53-494D-8E67-344A69364182}.Debug|Any CPU.Build.0 = Debug|Any CPU
		{B41958B7-0C53-494D-8E67-344A69364182}.Release|Any CPU.ActiveCfg = Release|Any CPU
		{B41958B7-0C53-494D-8E67-344A69364182}.Release|Any CPU.Build.0 = Release|Any CPU
	EndGlobalSection
	GlobalSection(SolutionProperties) = preSolution
		HideSolutionNode = FALSE
	EndGlobalSection
	GlobalSection(ExtensibilityGlobals) = postSolution
		SolutionGuid = {1AA06EFB-92DB-489F-8B20-24D8826B8440}
	EndGlobalSection
EndGlobal
